
Microsoft Visual Studio Solution File, Format Version 12.00
# Visual Studio Version 16
VisualStudioVersion = 16.0.32106.194
MinimumVisualStudioVersion = 10.0.40219.1
Project("{FAE04EC0-301F-11D3-BF4B-00C04F79EFBC}") = "WSVentas", "WSVentas\WSVentas.csproj", "{643760D3-2CAC-4D3F-8FFD-65A7D4C739D6}"
EndProject
Global
	GlobalSection(SolutionConfigurationPlatforms) = preSolution
		Debug|Any CPU = Debug|Any CPU
		Release|Any CPU = Release|Any CPU
	EndGlobalSection
	GlobalSection(ProjectConfigurationPlatforms) = postSolution
		{643760D3-2CAC-4D3F-8FFD-65A7D4C739D6}.Debug|Any CPU.ActiveCfg = Debug|Any CPU
		{643760D3-2CAC-4D3F-8FFD-65A7D4C739D6}.Debug|Any CPU.Build.0 = Debug|Any CPU
		{643760D3-2CAC-4D3F-8FFD-65A7D4C739D6}.Release|Any CPU.ActiveCfg = Release|Any CPU
		{643760D3-2CAC-4D3F-8FFD-65A7D4C739D6}.Release|Any CPU.Build.0 = Release|Any CPU
	EndGlobalSection
	GlobalSection(SolutionProperties) = preSolution
		HideSolutionNode = FALSE
	EndGlobalSection
	GlobalSection(ExtensibilityGlobals) = postSolution
		SolutionGuid = {57E4B3D3-FFC2-43FF-9150-DA26814C5DF5}
	EndGlobalSection
EndGlobal
